
Microsoft Visual Studio Solution File, Format Version 12.00
# Visual Studio Version 16
VisualStudioVersion = 16.0.33801.447
MinimumVisualStudioVersion = 10.0.40219.1
Project("{FAE04EC0-301F-11D3-BF4B-00C04F79EFBC}") = "SequenceGame", "SequenceGame\SequenceGame.csproj", "{BA6BC99C-C400-4409-B5E2-2953B8743FE6}"
EndProject
Global
	GlobalSection(SolutionConfigurationPlatforms) = preSolution
		Debug|Any CPU = Debug|Any CPU
		Release|Any CPU = Release|Any CPU
	EndGlobalSection
	GlobalSection(ProjectConfigurationPlatforms) = postSolution
		{BA6BC99C-C400-4409-B5E2-2953B8743FE6}.Debug|Any CPU.ActiveCfg = Debug|Any CPU
		{BA6BC99C-C400-4409-B5E2-2953B8743FE6}.Debug|Any CPU.Build.0 = Debug|Any CPU
		{BA6BC99C-C400-4409-B5E2-2953B8743FE6}.Release|Any CPU.ActiveCfg = Release|Any CPU
		{BA6BC99C-C400-4409-B5E2-2953B8743FE6}.Release|Any CPU.Build.0 = Release|Any CPU
	EndGlobalSection
	GlobalSection(SolutionProperties) = preSolution
		HideSolutionNode = FALSE
	EndGlobalSection
	GlobalSection(ExtensibilityGlobals) = postSolution
		SolutionGuid = {0C24718A-9C6C-4A79-B5A2-FF8FA71F8E71}
	EndGlobalSection
EndGlobal
